// !$*UTF8*$!
{
	archiveVersion = 1;
	classes = {
	};
	objectVersion = 50;
	objects = {

/* Begin PBXBuildFile section */
		255F0AEC23915A86005B3BEC /* AppDelegate.swift in Sources */ = {isa = PBXBuildFile; fileRef = 255F0AEB23915A86005B3BEC /* AppDelegate.swift */; };
		255F0AEE23915A86005B3BEC /* SceneDelegate.swift in Sources */ = {isa = PBXBuildFile; fileRef = 255F0AED23915A86005B3BEC /* SceneDelegate.swift */; };
		255F0AF023915A86005B3BEC /* ContentView.swift in Sources */ = {isa = PBXBuildFile; fileRef = 255F0AEF23915A86005B3BEC /* ContentView.swift */; };
		255F0AF223915A88005B3BEC /* Assets.xcassets in Resources */ = {isa = PBXBuildFile; fileRef = 255F0AF123915A88005B3BEC /* Assets.xcassets */; };
		255F0AF523915A88005B3BEC /* Preview Assets.xcassets in Resources */ = {isa = PBXBuildFile; fileRef = 255F0AF423915A88005B3BEC /* Preview Assets.xcassets */; };
		255F0AF823915A88005B3BEC /* LaunchScreen.storyboard in Resources */ = {isa = PBXBuildFile; fileRef = 255F0AF623915A88005B3BEC /* LaunchScreen.storyboard */; };
		255F0B0323915A88005B3BEC /* CalculatorTests.swift in Sources */ = {isa = PBXBuildFile; fileRef = 255F0B0223915A88005B3BEC /* CalculatorTests.swift */; };
		255F0B0E23915A88005B3BEC /* CalculatorUITests.swift in Sources */ = {isa = PBXBuildFile; fileRef = 255F0B0D23915A88005B3BEC /* CalculatorUITests.swift */; };
		255F0B1D2391722E005B3BEC /* Sign.swift in Sources */ = {isa = PBXBuildFile; fileRef = 255F0B1C2391722E005B3BEC /* Sign.swift */; };
		255F0B1F23917568005B3BEC /* Calculation.swift in Sources */ = {isa = PBXBuildFile; fileRef = 255F0B1E23917568005B3BEC /* Calculation.swift */; };
		255F0B242391775E005B3BEC /* InvalidCalculation.swift in Sources */ = {isa = PBXBuildFile; fileRef = 255F0B232391775E005B3BEC /* InvalidCalculation.swift */; };
/* End PBXBuildFile section */

/* Begin PBXContainerItemProxy section */
		255F0AFF23915A88005B3BEC /* PBXContainerItemProxy */ = {
			isa = PBXContainerItemProxy;
			containerPortal = 255F0AE023915A86005B3BEC /* Project object */;
			proxyType = 1;
			remoteGlobalIDString = 255F0AE723915A86005B3BEC;
			remoteInfo = Calculator;
		};
		255F0B0A23915A88005B3BEC /* PBXContainerItemProxy */ = {
			isa = PBXContainerItemProxy;
			containerPortal = 255F0AE023915A86005B3BEC /* Project object */;
			proxyType = 1;
			remoteGlobalIDString = 255F0AE723915A86005B3BEC;
			remoteInfo = Calculator;
		};
/* End PBXContainerItemProxy section */

/* Begin PBXFileReference section */
		255F0AE823915A86005B3BEC /* Calculator.app */ = {isa = PBXFileReference; explicitFileType = wrapper.application; includeInIndex = 0; path = Calculator.app; sourceTree = BUILT_PRODUCTS_DIR; };
		255F0AEB23915A86005B3BEC /* AppDelegate.swift */ = {isa = PBXFileReference; lastKnownFileType = sourcecode.swift; path = AppDelegate.swift; sourceTree = "<group>"; };
		255F0AED23915A86005B3BEC /* SceneDelegate.swift */ = {isa = PBXFileReference; lastKnownFileType = sourcecode.swift; path = SceneDelegate.swift; sourceTree = "<group>"; };
		255F0AEF23915A86005B3BEC /* ContentView.swift */ = {isa = PBXFileReference; lastKnownFileType = sourcecode.swift; path = ContentView.swift; sourceTree = "<group>"; };
		255F0AF123915A88005B3BEC /* Assets.xcassets */ = {isa = PBXFileReference; lastKnownFileType = folder.assetcatalog; path = Assets.xcassets; sourceTree = "<group>"; };
		255F0AF423915A88005B3BEC /* Preview Assets.xcassets */ = {isa = PBXFileReference; lastKnownFileType = folder.assetcatalog; path = "Preview Assets.xcassets"; sourceTree = "<group>"; };
		255F0AF723915A88005B3BEC /* Base */ = {isa = PBXFileReference; lastKnownFileType = file.storyboard; name = Base; path = Base.lproj/LaunchScreen.storyboard; sourceTree = "<group>"; };
		255F0AF923915A88005B3BEC /* Info.plist */ = {isa = PBXFileReference; lastKnownFileType = text.plist.xml; path = Info.plist; sourceTree = "<group>"; };
		255F0AFE23915A88005B3BEC /* CalculatorTests.xctest */ = {isa = PBXFileReference; explicitFileType = wrapper.cfbundle; includeInIndex = 0; path = CalculatorTests.xctest; sourceTree = BUILT_PRODUCTS_DIR; };
		255F0B0223915A88005B3BEC /* CalculatorTests.swift */ = {isa = PBXFileReference; lastKnownFileType = sourcecode.swift; path = CalculatorTests.swift; sourceTree = "<group>"; };
		255F0B0423915A88005B3BEC /* Info.plist */ = {isa = PBXFileReference; lastKnownFileType = text.plist.xml; path = Info.plist; sourceTree = "<group>"; };
		255F0B0923915A88005B3BEC /* CalculatorUITests.xctest */ = {isa = PBXFileReference; explicitFileType = wrapper.cfbundle; includeInIndex = 0; path = CalculatorUITests.xctest; sourceTree = BUILT_PRODUCTS_DIR; };
		255F0B0D23915A88005B3BEC /* CalculatorUITests.swift */ = {isa = PBXFileReference; lastKnownFileType = sourcecode.swift; path = CalculatorUITests.swift; sourceTree = "<group>"; };
		255F0B0F23915A88005B3BEC /* Info.plist */ = {isa = PBXFileReference; lastKnownFileType = text.plist.xml; path = Info.plist; sourceTree = "<group>"; };
		255F0B1C2391722E005B3BEC /* Sign.swift */ = {isa = PBXFileReference; lastKnownFileType = sourcecode.swift; path = Sign.swift; sourceTree = "<group>"; };
		255F0B1E23917568005B3BEC /* Calculation.swift */ = {isa = PBXFileReference; lastKnownFileType = sourcecode.swift; path = Calculation.swift; sourceTree = "<group>"; };
		255F0B232391775E005B3BEC /* InvalidCalculation.swift */ = {isa = PBXFileReference; lastKnownFileType = sourcecode.swift; path = InvalidCalculation.swift; sourceTree = "<group>"; };
/* End PBXFileReference section */

/* Begin PBXFrameworksBuildPhase section */
		255F0AE523915A86005B3BEC /* Frameworks */ = {
			isa = PBXFrameworksBuildPhase;
			buildActionMask = 2147483647;
			files = (
			);
			runOnlyForDeploymentPostprocessing = 0;
		};
		255F0AFB23915A88005B3BEC /* Frameworks */ = {
			isa = PBXFrameworksBuildPhase;
			buildActionMask = 2147483647;
			files = (
			);
			runOnlyForDeploymentPostprocessing = 0;
		};
		255F0B0623915A88005B3BEC /* Frameworks */ = {
			isa = PBXFrameworksBuildPhase;
			buildActionMask = 2147483647;
			files = (
			);
			runOnlyForDeploymentPostprocessing = 0;
		};
/* End PBXFrameworksBuildPhase section */

/* Begin PBXGroup section */
		255F0ADF23915A86005B3BEC = {
			isa = PBXGroup;
			children = (
				255F0AEA23915A86005B3BEC /* Calculator */,
				255F0B0123915A88005B3BEC /* CalculatorTests */,
				255F0B0C23915A88005B3BEC /* CalculatorUITests */,
				255F0AE923915A86005B3BEC /* Products */,
			);
			sourceTree = "<group>";
		};
		255F0AE923915A86005B3BEC /* Products */ = {
			isa = PBXGroup;
			children = (
				255F0AE823915A86005B3BEC /* Calculator.app */,
				255F0AFE23915A88005B3BEC /* CalculatorTests.xctest */,
				255F0B0923915A88005B3BEC /* CalculatorUITests.xctest */,
			);
			name = Products;
			sourceTree = "<group>";
		};
		255F0AEA23915A86005B3BEC /* Calculator */ = {
			isa = PBXGroup;
			children = (
				255F0B222391774D005B3BEC /* Error */,
				255F0B1B23917215005B3BEC /* Models */,
				255F0AEB23915A86005B3BEC /* AppDelegate.swift */,
				255F0AED23915A86005B3BEC /* SceneDelegate.swift */,
				255F0AEF23915A86005B3BEC /* ContentView.swift */,
				255F0AF123915A88005B3BEC /* Assets.xcassets */,
				255F0AF623915A88005B3BEC /* LaunchScreen.storyboard */,
				255F0AF923915A88005B3BEC /* Info.plist */,
				255F0AF323915A88005B3BEC /* Preview Content */,
			);
			path = Calculator;
			sourceTree = "<group>";
		};
		255F0AF323915A88005B3BEC /* Preview Content */ = {
			isa = PBXGroup;
			children = (
				255F0AF423915A88005B3BEC /* Preview Assets.xcassets */,
			);
			path = "Preview Content";
			sourceTree = "<group>";
		};
		255F0B0123915A88005B3BEC /* CalculatorTests */ = {
			isa = PBXGroup;
			children = (
				255F0B0223915A88005B3BEC /* CalculatorTests.swift */,
				255F0B0423915A88005B3BEC /* Info.plist */,
			);
			path = CalculatorTests;
			sourceTree = "<group>";
		};
		255F0B0C23915A88005B3BEC /* CalculatorUITests */ = {
			isa = PBXGroup;
			children = (
				255F0B0D23915A88005B3BEC /* CalculatorUITests.swift */,
				255F0B0F23915A88005B3BEC /* Info.plist */,
			);
			path = CalculatorUITests;
			sourceTree = "<group>";
		};
		255F0B1B23917215005B3BEC /* Models */ = {
			isa = PBXGroup;
			children = (
				255F0B1C2391722E005B3BEC /* Sign.swift */,
				255F0B1E23917568005B3BEC /* Calculation.swift */,
			);
			path = Models;
			sourceTree = "<group>";
		};
		255F0B222391774D005B3BEC /* Error */ = {
			isa = PBXGroup;
			children = (
				255F0B232391775E005B3BEC /* InvalidCalculation.swift */,
			);
			path = Error;
			sourceTree = "<group>";
		};
/* End PBXGroup section */

/* Begin PBXNativeTarget section */
		255F0AE723915A86005B3BEC /* Calculator */ = {
			isa = PBXNativeTarget;
			buildConfigurationList = 255F0B1223915A88005B3BEC /* Build configuration list for PBXNativeTarget "Calculator" */;
			buildPhases = (
				255F0AE423915A86005B3BEC /* Sources */,
				255F0AE523915A86005B3BEC /* Frameworks */,
				255F0AE623915A86005B3BEC /* Resources */,
			);
			buildRules = (
			);
			dependencies = (
			);
			name = Calculator;
			productName = Calculator;
			productReference = 255F0AE823915A86005B3BEC /* Calculator.app */;
			productType = "com.apple.product-type.application";
		};
		255F0AFD23915A88005B3BEC /* CalculatorTests */ = {
			isa = PBXNativeTarget;
			buildConfigurationList = 255F0B1523915A88005B3BEC /* Build configuration list for PBXNativeTarget "CalculatorTests" */;
			buildPhases = (
				255F0AFA23915A88005B3BEC /* Sources */,
				255F0AFB23915A88005B3BEC /* Frameworks */,
				255F0AFC23915A88005B3BEC /* Resources */,
			);
			buildRules = (
			);
			dependencies = (
				255F0B0023915A88005B3BEC /* PBXTargetDependency */,
			);
			name = CalculatorTests;
			productName = CalculatorTests;
			productReference = 255F0AFE23915A88005B3BEC /* CalculatorTests.xctest */;
			productType = "com.apple.product-type.bundle.unit-test";
		};
		255F0B0823915A88005B3BEC /* CalculatorUITests */ = {
			isa = PBXNativeTarget;
			buildConfigurationList = 255F0B1823915A88005B3BEC /* Build configuration list for PBXNativeTarget "CalculatorUITests" */;
			buildPhases = (
				255F0B0523915A88005B3BEC /* Sources */,
				255F0B0623915A88005B3BEC /* Frameworks */,
				255F0B0723915A88005B3BEC /* Resources */,
			);
			buildRules = (
			);
			dependencies = (
				255F0B0B23915A88005B3BEC /* PBXTargetDependency */,
			);
			name = CalculatorUITests;
			productName = CalculatorUITests;
			productReference = 255F0B0923915A88005B3BEC /* CalculatorUITests.xctest */;
			productType = "com.apple.product-type.bundle.ui-testing";
		};
/* End PBXNativeTarget section */

/* Begin PBXProject section */
		255F0AE023915A86005B3BEC /* Project object */ = {
			isa = PBXProject;
			attributes = {
				LastSwiftUpdateCheck = 1120;
				LastUpgradeCheck = 1120;
				ORGANIZATIONNAME = "Matthijs Roelink";
				TargetAttributes = {
					255F0AE723915A86005B3BEC = {
						CreatedOnToolsVersion = 11.2;
					};
					255F0AFD23915A88005B3BEC = {
						CreatedOnToolsVersion = 11.2;
						TestTargetID = 255F0AE723915A86005B3BEC;
					};
					255F0B0823915A88005B3BEC = {
						CreatedOnToolsVersion = 11.2;
						TestTargetID = 255F0AE723915A86005B3BEC;
					};
				};
			};
			buildConfigurationList = 255F0AE323915A86005B3BEC /* Build configuration list for PBXProject "Calculator" */;
			compatibilityVersion = "Xcode 9.3";
			developmentRegion = en;
			hasScannedForEncodings = 0;
			knownRegions = (
				en,
				Base,
			);
			mainGroup = 255F0ADF23915A86005B3BEC;
			productRefGroup = 255F0AE923915A86005B3BEC /* Products */;
			projectDirPath = "";
			projectRoot = "";
			targets = (
				255F0AE723915A86005B3BEC /* Calculator */,
				255F0AFD23915A88005B3BEC /* CalculatorTests */,
				255F0B0823915A88005B3BEC /* CalculatorUITests */,
			);
		};
/* End PBXProject section */

/* Begin PBXResourcesBuildPhase section */
		255F0AE623915A86005B3BEC /* Resources */ = {
			isa = PBXResourcesBuildPhase;
			buildActionMask = 2147483647;
			files = (
				255F0AF823915A88005B3BEC /* LaunchScreen.storyboard in Resources */,
				255F0AF523915A88005B3BEC /* Preview Assets.xcassets in Resources */,
				255F0AF223915A88005B3BEC /* Assets.xcassets in Resources */,
			);
			runOnlyForDeploymentPostprocessing = 0;
		};
		255F0AFC23915A88005B3BEC /* Resources */ = {
			isa = PBXResourcesBuildPhase;
			buildActionMask = 2147483647;
			files = (
			);
			runOnlyForDeploymentPostprocessing = 0;
		};
		255F0B0723915A88005B3BEC /* Resources */ = {
			isa = PBXResourcesBuildPhase;
			buildActionMask = 2147483647;
			files = (
			);
			runOnlyForDeploymentPostprocessing = 0;
		};
/* End PBXResourcesBuildPhase section */

/* Begin PBXSourcesBuildPhase section */
		255F0AE423915A86005B3BEC /* Sources */ = {
			isa = PBXSourcesBuildPhase;
			buildActionMask = 2147483647;
			files = (
				255F0AEC23915A86005B3BEC /* AppDelegate.swift in Sources */,
				255F0AEE23915A86005B3BEC /* SceneDelegate.swift in Sources */,
				255F0B1D2391722E005B3BEC /* Sign.swift in Sources */,
				255F0AF023915A86005B3BEC /* ContentView.swift in Sources */,
				255F0B242391775E005B3BEC /* InvalidCalculation.swift in Sources */,
				255F0B1F23917568005B3BEC /* Calculation.swift in Sources */,
			);
			runOnlyForDeploymentPostprocessing = 0;
		};
		255F0AFA23915A88005B3BEC /* Sources */ = {
			isa = PBXSourcesBuildPhase;
			buildActionMask = 2147483647;
			files = (
				255F0B0323915A88005B3BEC /* CalculatorTests.swift in Sources */,
			);
			runOnlyForDeploymentPostprocessing = 0;
		};
		255F0B0523915A88005B3BEC /* Sources */ = {
			isa = PBXSourcesBuildPhase;
			buildActionMask = 2147483647;
			files = (
				255F0B0E23915A88005B3BEC /* CalculatorUITests.swift in Sources */,
			);
			runOnlyForDeploymentPostprocessing = 0;
		};
/* End PBXSourcesBuildPhase section */

/* Begin PBXTargetDependency section */
		255F0B0023915A88005B3BEC /* PBXTargetDependency */ = {
			isa = PBXTargetDependency;
			target = 255F0AE723915A86005B3BEC /* Calculator */;
			targetProxy = 255F0AFF23915A88005B3BEC /* PBXContainerItemProxy */;
		};
		255F0B0B23915A88005B3BEC /* PBXTargetDependency */ = {
			isa = PBXTargetDependency;
			target = 255F0AE723915A86005B3BEC /* Calculator */;
			targetProxy = 255F0B0A23915A88005B3BEC /* PBXContainerItemProxy */;
		};
/* End PBXTargetDependency section */

/* Begin PBXVariantGroup section */
		255F0AF623915A88005B3BEC /* LaunchScreen.storyboard */ = {
			isa = PBXVariantGroup;
			children = (
				255F0AF723915A88005B3BEC /* Base */,
			);
			name = LaunchScreen.storyboard;
			sourceTree = "<group>";
		};
/* End PBXVariantGroup section */

/* Begin XCBuildConfiguration section */
		255F0B1023915A88005B3BEC /* Debug */ = {
			isa = XCBuildConfiguration;
			buildSettings = {
				ALWAYS_SEARCH_USER_PATHS = NO;
				CLANG_ANALYZER_NONNULL = YES;
				CLANG_ANALYZER_NUMBER_OBJECT_CONVERSION = YES_AGGRESSIVE;
				CLANG_CXX_LANGUAGE_STANDARD = "gnu++14";
				CLANG_CXX_LIBRARY = "libc++";
				CLANG_ENABLE_MODULES = YES;
				CLANG_ENABLE_OBJC_ARC = YES;
				CLANG_ENABLE_OBJC_WEAK = YES;
				CLANG_WARN_BLOCK_CAPTURE_AUTORELEASING = YES;
				CLANG_WARN_BOOL_CONVERSION = YES;
				CLANG_WARN_COMMA = YES;
				CLANG_WARN_CONSTANT_CONVERSION = YES;
				CLANG_WARN_DEPRECATED_OBJC_IMPLEMENTATIONS = YES;
				CLANG_WARN_DIRECT_OBJC_ISA_USAGE = YES_ERROR;
				CLANG_WARN_DOCUMENTATION_COMMENTS = YES;
				CLANG_WARN_EMPTY_BODY = YES;
				CLANG_WARN_ENUM_CONVERSION = YES;
				CLANG_WARN_INFINITE_RECURSION = YES;
				CLANG_WARN_INT_CONVERSION = YES;
				CLANG_WARN_NON_LITERAL_NULL_CONVERSION = YES;
				CLANG_WARN_OBJC_IMPLICIT_RETAIN_SELF = YES;
				CLANG_WARN_OBJC_LITERAL_CONVERSION = YES;
				CLANG_WARN_OBJC_ROOT_CLASS = YES_ERROR;
				CLANG_WARN_RANGE_LOOP_ANALYSIS = YES;
				CLANG_WARN_STRICT_PROTOTYPES = YES;
				CLANG_WARN_SUSPICIOUS_MOVE = YES;
				CLANG_WARN_UNGUARDED_AVAILABILITY = YES_AGGRESSIVE;
				CLANG_WARN_UNREACHABLE_CODE = YES;
				CLANG_WARN__DUPLICATE_METHOD_MATCH = YES;
				COPY_PHASE_STRIP = NO;
				DEBUG_INFORMATION_FORMAT = dwarf;
				ENABLE_STRICT_OBJC_MSGSEND = YES;
				ENABLE_TESTABILITY = YES;
				GCC_C_LANGUAGE_STANDARD = gnu11;
				GCC_DYNAMIC_NO_PIC = NO;
				GCC_NO_COMMON_BLOCKS = YES;
				GCC_OPTIMIZATION_LEVEL = 0;
				GCC_PREPROCESSOR_DEFINITIONS = (
					"DEBUG=1",
					"$(inherited)",
				);
				GCC_WARN_64_TO_32_BIT_CONVERSION = YES;
				GCC_WARN_ABOUT_RETURN_TYPE = YES_ERROR;
				GCC_WARN_UNDECLARED_SELECTOR = YES;
				GCC_WARN_UNINITIALIZED_AUTOS = YES_AGGRESSIVE;
				GCC_WARN_UNUSED_FUNCTION = YES;
				GCC_WARN_UNUSED_VARIABLE = YES;
				IPHONEOS_DEPLOYMENT_TARGET = 13.2;
				MTL_ENABLE_DEBUG_INFO = INCLUDE_SOURCE;
				MTL_FAST_MATH = YES;
				ONLY_ACTIVE_ARCH = YES;
				SDKROOT = iphoneos;
				SWIFT_ACTIVE_COMPILATION_CONDITIONS = DEBUG;
				SWIFT_OPTIMIZATION_LEVEL = "-Onone";
			};
			name = Debug;
		};
		255F0B1123915A88005B3BEC /* Release */ = {
			isa = XCBuildConfiguration;
			buildSettings = {
				ALWAYS_SEARCH_USER_PATHS = NO;
				CLANG_ANALYZER_NONNULL = YES;
				CLANG_ANALYZER_NUMBER_OBJECT_CONVERSION = YES_AGGRESSIVE;
				CLANG_CXX_LANGUAGE_STANDARD = "gnu++14";
				CLANG_CXX_LIBRARY = "libc++";
				CLANG_ENABLE_MODULES = YES;
				CLANG_ENABLE_OBJC_ARC = YES;
				CLANG_ENABLE_OBJC_WEAK = YES;
				CLANG_WARN_BLOCK_CAPTURE_AUTORELEASING = YES;
				CLANG_WARN_BOOL_CONVERSION = YES;
				CLANG_WARN_COMMA = YES;
				CLANG_WARN_CONSTANT_CONVERSION = YES;
				CLANG_WARN_DEPRECATED_OBJC_IMPLEMENTATIONS = YES;
				CLANG_WARN_DIRECT_OBJC_ISA_USAGE = YES_ERROR;
				CLANG_WARN_DOCUMENTATION_COMMENTS = YES;
				CLANG_WARN_EMPTY_BODY = YES;
				CLANG_WARN_ENUM_CONVERSION = YES;
				CLANG_WARN_INFINITE_RECURSION = YES;
				CLANG_WARN_INT_CONVERSION = YES;
				CLANG_WARN_NON_LITERAL_NULL_CONVERSION = YES;
				CLANG_WARN_OBJC_IMPLICIT_RETAIN_SELF = YES;
				CLANG_WARN_OBJC_LITERAL_CONVERSION = YES;
				CLANG_WARN_OBJC_ROOT_CLASS = YES_ERROR;
				CLANG_WARN_RANGE_LOOP_ANALYSIS = YES;
				CLANG_WARN_STRICT_PROTOTYPES = YES;
				CLANG_WARN_SUSPICIOUS_MOVE = YES;
				CLANG_WARN_UNGUARDED_AVAILABILITY = YES_AGGRESSIVE;
				CLANG_WARN_UNREACHABLE_CODE = YES;
				CLANG_WARN__DUPLICATE_METHOD_MATCH = YES;
				COPY_PHASE_STRIP = NO;
				DEBUG_INFORMATION_FORMAT = "dwarf-with-dsym";
				ENABLE_NS_ASSERTIONS = NO;
				ENABLE_STRICT_OBJC_MSGSEND = YES;
				GCC_C_LANGUAGE_STANDARD = gnu11;
				GCC_NO_COMMON_BLOCKS = YES;
				GCC_WARN_64_TO_32_BIT_CONVERSION = YES;
				GCC_WARN_ABOUT_RETURN_TYPE = YES_ERROR;
				GCC_WARN_UNDECLARED_SELECTOR = YES;
				GCC_WARN_UNINITIALIZED_AUTOS = YES_AGGRESSIVE;
				GCC_WARN_UNUSED_FUNCTION = YES;
				GCC_WARN_UNUSED_VARIABLE = YES;
				IPHONEOS_DEPLOYMENT_TARGET = 13.2;
				MTL_ENABLE_DEBUG_INFO = NO;
				MTL_FAST_MATH = YES;
				SDKROOT = iphoneos;
				SWIFT_COMPILATION_MODE = wholemodule;
				SWIFT_OPTIMIZATION_LEVEL = "-O";
				VALIDATE_PRODUCT = YES;
			};
			name = Release;
		};
		255F0B1323915A88005B3BEC /* Debug */ = {
			isa = XCBuildConfiguration;
			buildSettings = {
				ASSETCATALOG_COMPILER_APPICON_NAME = AppIcon;
				CODE_SIGN_STYLE = Automatic;
				DEVELOPMENT_ASSET_PATHS = "\"Calculator/Preview Content\"";
				DEVELOPMENT_TEAM = RFM64NA9R2;
				ENABLE_PREVIEWS = YES;
				INFOPLIST_FILE = Calculator/Info.plist;
				LD_RUNPATH_SEARCH_PATHS = (
					"$(inherited)",
					"@executable_path/Frameworks",
				);
				PRODUCT_BUNDLE_IDENTIFIER = eu.roelink.Calculator;
				PRODUCT_NAME = "$(TARGET_NAME)";
				SWIFT_VERSION = 5.0;
				TARGETED_DEVICE_FAMILY = "1,2";
			};
			name = Debug;
		};
		255F0B1423915A88005B3BEC /* Release */ = {
			isa = XCBuildConfiguration;
			buildSettings = {
				ASSETCATALOG_COMPILER_APPICON_NAME = AppIcon;
				CODE_SIGN_STYLE = Automatic;
				DEVELOPMENT_ASSET_PATHS = "\"Calculator/Preview Content\"";
				DEVELOPMENT_TEAM = RFM64NA9R2;
				ENABLE_PREVIEWS = YES;
				INFOPLIST_FILE = Calculator/Info.plist;
				LD_RUNPATH_SEARCH_PATHS = (
					"$(inherited)",
					"@executable_path/Frameworks",
				);
				PRODUCT_BUNDLE_IDENTIFIER = eu.roelink.Calculator;
				PRODUCT_NAME = "$(TARGET_NAME)";
				SWIFT_VERSION = 5.0;
				TARGETED_DEVICE_FAMILY = "1,2";
			};
			name = Release;
		};
		255F0B1623915A88005B3BEC /* Debug */ = {
			isa = XCBuildConfiguration;
			buildSettings = {
				ALWAYS_EMBED_SWIFT_STANDARD_LIBRARIES = YES;
				BUNDLE_LOADER = "$(TEST_HOST)";
				CODE_SIGN_STYLE = Automatic;
				DEVELOPMENT_TEAM = RFM64NA9R2;
				INFOPLIST_FILE = CalculatorTests/Info.plist;
				IPHONEOS_DEPLOYMENT_TARGET = 13.2;
				LD_RUNPATH_SEARCH_PATHS = (
					"$(inherited)",
					"@executable_path/Frameworks",
					"@loader_path/Frameworks",
				);
				PRODUCT_BUNDLE_IDENTIFIER = eu.roelink.CalculatorTests;
				PRODUCT_NAME = "$(TARGET_NAME)";
				SWIFT_VERSION = 5.0;
				TARGETED_DEVICE_FAMILY = "1,2";
				TEST_HOST = "$(BUILT_PRODUCTS_DIR)/Calculator.app/Calculator";
			};
			name = Debug;
		};
		255F0B1723915A88005B3BEC /* Release */ = {
			isa = XCBuildConfiguration;
			buildSettings = {
				ALWAYS_EMBED_SWIFT_STANDARD_LIBRARIES = YES;
				BUNDLE_LOADER = "$(TEST_HOST)";
				CODE_SIGN_STYLE = Automatic;
				DEVELOPMENT_TEAM = RFM64NA9R2;
				INFOPLIST_FILE = CalculatorTests/Info.plist;
				IPHONEOS_DEPLOYMENT_TARGET = 13.2;
				LD_RUNPATH_SEARCH_PATHS = (
					"$(inherited)",
					"@executable_path/Frameworks",
					"@loader_path/Frameworks",
				);
				PRODUCT_BUNDLE_IDENTIFIER = eu.roelink.CalculatorTests;
				PRODUCT_NAME = "$(TARGET_NAME)";
				SWIFT_VERSION = 5.0;
				TARGETED_DEVICE_FAMILY = "1,2";
				TEST_HOST = "$(BUILT_PRODUCTS_DIR)/Calculator.app/Calculator";
			};
			name = Release;
		};
		255F0B1923915A88005B3BEC /* Debug */ = {
			isa = XCBuildConfiguration;
			buildSettings = {
				ALWAYS_EMBED_SWIFT_STANDARD_LIBRARIES = YES;
				CODE_SIGN_STYLE = Automatic;
				DEVELOPMENT_TEAM = RFM64NA9R2;
				INFOPLIST_FILE = CalculatorUITests/Info.plist;
				LD_RUNPATH_SEARCH_PATHS = (
					"$(inherited)",
					"@executable_path/Frameworks",
					"@loader_path/Frameworks",
				);
				PRODUCT_BUNDLE_IDENTIFIER = eu.roelink.CalculatorUITests;
				PRODUCT_NAME = "$(TARGET_NAME)";
				SWIFT_VERSION = 5.0;
				TARGETED_DEVICE_FAMILY = "1,2";
				TEST_TARGET_NAME = Calculator;
			};
			name = Debug;
		};
		255F0B1A23915A88005B3BEC /* Release */ = {
			isa = XCBuildConfiguration;
			buildSettings = {
				ALWAYS_EMBED_SWIFT_STANDARD_LIBRARIES = YES;
				CODE_SIGN_STYLE = Automatic;
				DEVELOPMENT_TEAM = RFM64NA9R2;
				INFOPLIST_FILE = CalculatorUITests/Info.plist;
				LD_RUNPATH_SEARCH_PATHS = (
					"$(inherited)",
					"@executable_path/Frameworks",
					"@loader_path/Frameworks",
				);
				PRODUCT_BUNDLE_IDENTIFIER = eu.roelink.CalculatorUITests;
				PRODUCT_NAME = "$(TARGET_NAME)";
				SWIFT_VERSION = 5.0;
				TARGETED_DEVICE_FAMILY = "1,2";
				TEST_TARGET_NAME = Calculator;
			};
			name = Release;
		};
/* End XCBuildConfiguration section */

/* Begin XCConfigurationList section */
		255F0AE323915A86005B3BEC /* Build configuration list for PBXProject "Calculator" */ = {
			isa = XCConfigurationList;
			buildConfigurations = (
				255F0B1023915A88005B3BEC /* Debug */,
				255F0B1123915A88005B3BEC /* Release */,
			);
			defaultConfigurationIsVisible = 0;
			defaultConfigurationName = Release;
		};
		255F0B1223915A88005B3BEC /* Build configuration list for PBXNativeTarget "Calculator" */ = {
			isa = XCConfigurationList;
			buildConfigurations = (
				255F0B1323915A88005B3BEC /* Debug */,
				255F0B1423915A88005B3BEC /* Release */,
			);
			defaultConfigurationIsVisible = 0;
			defaultConfigurationName = Release;
		};
		255F0B1523915A88005B3BEC /* Build configuration list for PBXNativeTarget "CalculatorTests" */ = {
			isa = XCConfigurationList;
			buildConfigurations = (
				255F0B1623915A88005B3BEC /* Debug */,
				255F0B1723915A88005B3BEC /* Release */,
			);
			defaultConfigurationIsVisible = 0;
			defaultConfigurationName = Release;
		};
		255F0B1823915A88005B3BEC /* Build configuration list for PBXNativeTarget "CalculatorUITests" */ = {
			isa = XCConfigurationList;
			buildConfigurations = (
				255F0B1923915A88005B3BEC /* Debug */,
				255F0B1A23915A88005B3BEC /* Release */,
			);
			defaultConfigurationIsVisible = 0;
			defaultConfigurationName = Release;
		};
/* End XCConfigurationList section */
	};
	rootObject = 255F0AE023915A86005B3BEC /* Project object */;
}
